
Microsoft Visual Studio Solution File, Format Version 12.00
# Visual Studio Version 16
VisualStudioVersion = 16.0.810.19
MinimumVisualStudioVersion = 10.0.40219.1
Project("{FAE04EC0-301F-11D3-BF4B-00C04F79EFBC}") = "Bowling", "Bowling\Bowling.csproj", "{4B51F905-5614-43CF-B0E6-76D0C36891D3}"
EndProject
Global
	GlobalSection(SolutionConfigurationPlatforms) = preSolution
		Debug|Any CPU = Debug|Any CPU
		Release|Any CPU = Release|Any CPU
	EndGlobalSection
	GlobalSection(ProjectConfigurationPlatforms) = postSolution
		{4B51F905-5614-43CF-B0E6-76D0C36891D3}.Debug|Any CPU.ActiveCfg = Debug|Any CPU
		{4B51F905-5614-43CF-B0E6-76D0C36891D3}.Debug|Any CPU.Build.0 = Debug|Any CPU
		{4B51F905-5614-43CF-B0E6-76D0C36891D3}.Release|Any CPU.ActiveCfg = Release|Any CPU
		{4B51F905-5614-43CF-B0E6-76D0C36891D3}.Release|Any CPU.Build.0 = Release|Any CPU
	EndGlobalSection
	GlobalSection(SolutionProperties) = preSolution
		HideSolutionNode = FALSE
	EndGlobalSection
	GlobalSection(ExtensibilityGlobals) = postSolution
		SolutionGuid = {6B9BB435-3FD7-45D9-816F-9C29B0DB8103}
	EndGlobalSection
EndGlobal
